// !$*UTF8*$!
{
	archiveVersion = 1;
	classes = {
	};
	objectVersion = 56;
	objects = {

/* Begin PBXBuildFile section */
		EC2680262B1DFAE300538991 /* AFRICAApp.swift in Sources */ = {isa = PBXBuildFile; fileRef = EC2680252B1DFAE300538991 /* AFRICAApp.swift */; };
		EC2680282B1DFAE300538991 /* ContentView.swift in Sources */ = {isa = PBXBuildFile; fileRef = EC2680272B1DFAE300538991 /* ContentView.swift */; };
		EC26802A2B1DFAE500538991 /* Assets.xcassets in Resources */ = {isa = PBXBuildFile; fileRef = EC2680292B1DFAE500538991 /* Assets.xcassets */; };
		EC26802D2B1DFAE500538991 /* Preview Assets.xcassets in Resources */ = {isa = PBXBuildFile; fileRef = EC26802C2B1DFAE500538991 /* Preview Assets.xcassets */; };
		EC26803E2B1DFCEA00538991 /* rhino.mp4 in Resources */ = {isa = PBXBuildFile; fileRef = EC2680342B1DFCE900538991 /* rhino.mp4 */; };
		EC26803F2B1DFCEA00538991 /* zebra.mp4 in Resources */ = {isa = PBXBuildFile; fileRef = EC2680352B1DFCE900538991 /* zebra.mp4 */; };
		EC2680402B1DFCEA00538991 /* ostrich.mp4 in Resources */ = {isa = PBXBuildFile; fileRef = EC2680362B1DFCE900538991 /* ostrich.mp4 */; };
		EC2680412B1DFCEA00538991 /* gorilla.mp4 in Resources */ = {isa = PBXBuildFile; fileRef = EC2680372B1DFCE900538991 /* gorilla.mp4 */; };
		EC2680422B1DFCEA00538991 /* hippo.mp4 in Resources */ = {isa = PBXBuildFile; fileRef = EC2680382B1DFCE900538991 /* hippo.mp4 */; };
		EC2680432B1DFCEA00538991 /* cheetah.mp4 in Resources */ = {isa = PBXBuildFile; fileRef = EC2680392B1DFCE900538991 /* cheetah.mp4 */; };
		EC2680442B1DFCEA00538991 /* lioness.mp4 in Resources */ = {isa = PBXBuildFile; fileRef = EC26803A2B1DFCE900538991 /* lioness.mp4 */; };
		EC2680452B1DFCEA00538991 /* giraffe.mp4 in Resources */ = {isa = PBXBuildFile; fileRef = EC26803B2B1DFCE900538991 /* giraffe.mp4 */; };
		EC2680462B1DFCEA00538991 /* lion.mp4 in Resources */ = {isa = PBXBuildFile; fileRef = EC26803C2B1DFCE900538991 /* lion.mp4 */; };
		EC2680472B1DFCEA00538991 /* elephant.mp4 in Resources */ = {isa = PBXBuildFile; fileRef = EC26803D2B1DFCE900538991 /* elephant.mp4 */; };
		EC26804D2B1DFD1700538991 /* covers.json in Resources */ = {isa = PBXBuildFile; fileRef = EC2680492B1DFD1600538991 /* covers.json */; };
		EC26804E2B1DFD1700538991 /* animals.json in Resources */ = {isa = PBXBuildFile; fileRef = EC26804A2B1DFD1700538991 /* animals.json */; };
		EC26804F2B1DFD1700538991 /* videos.json in Resources */ = {isa = PBXBuildFile; fileRef = EC26804B2B1DFD1700538991 /* videos.json */; };
		EC2680502B1DFD1700538991 /* locations.json in Resources */ = {isa = PBXBuildFile; fileRef = EC26804C2B1DFD1700538991 /* locations.json */; };
		EC2680562B1DFF4200538991 /* VideoListView.swift in Sources */ = {isa = PBXBuildFile; fileRef = EC2680552B1DFF4200538991 /* VideoListView.swift */; };
		EC2680582B1DFF5A00538991 /* MapView.swift in Sources */ = {isa = PBXBuildFile; fileRef = EC2680572B1DFF5A00538991 /* MapView.swift */; };
		EC26805A2B1DFF6B00538991 /* GalleryView.swift in Sources */ = {isa = PBXBuildFile; fileRef = EC2680592B1DFF6B00538991 /* GalleryView.swift */; };
		EC26805C2B1DFF7F00538991 /* MainView.swift in Sources */ = {isa = PBXBuildFile; fileRef = EC26805B2B1DFF7F00538991 /* MainView.swift */; };
		EC4665832B1F3ACE0077087F /* CoverImageView.swift in Sources */ = {isa = PBXBuildFile; fileRef = EC4665822B1F3ACE0077087F /* CoverImageView.swift */; };
		EC4665862B1F3CA90077087F /* CoverImageModel.swift in Sources */ = {isa = PBXBuildFile; fileRef = EC4665852B1F3CA90077087F /* CoverImageModel.swift */; };
		EC4665892B1F3E030077087F /* CodableBundleExtension.swift in Sources */ = {isa = PBXBuildFile; fileRef = EC4665882B1F3E030077087F /* CodableBundleExtension.swift */; };
		EC538C172B2A179700326989 /* AnimalGridItemView.swift in Sources */ = {isa = PBXBuildFile; fileRef = EC538C162B2A179700326989 /* AnimalGridItemView.swift */; };
		EC8D399D2B288851004C8F8E /* VideoModel.swift in Sources */ = {isa = PBXBuildFile; fileRef = EC8D399C2B288851004C8F8E /* VideoModel.swift */; };
		EC8D399F2B28888C004C8F8E /* VideoListItemView.swift in Sources */ = {isa = PBXBuildFile; fileRef = EC8D399E2B28888C004C8F8E /* VideoListItemView.swift */; };
		EC8D39A12B28901C004C8F8E /* VideoPlayerView.swift in Sources */ = {isa = PBXBuildFile; fileRef = EC8D39A02B28901C004C8F8E /* VideoPlayerView.swift */; };
		EC8D39A42B289109004C8F8E /* VideoPlayerHelper.swift in Sources */ = {isa = PBXBuildFile; fileRef = EC8D39A32B289109004C8F8E /* VideoPlayerHelper.swift */; };
		ECA335392B29A594002E3CB3 /* LocationModel.swift in Sources */ = {isa = PBXBuildFile; fileRef = ECA335382B29A594002E3CB3 /* LocationModel.swift */; };
		ECA3353B2B29A9EF002E3CB3 /* MapAnnotationView.swift in Sources */ = {isa = PBXBuildFile; fileRef = ECA3353A2B29A9EF002E3CB3 /* MapAnnotationView.swift */; };
		ECA3353D2B29B332002E3CB3 /* MotionAnimationView.swift in Sources */ = {isa = PBXBuildFile; fileRef = ECA3353C2B29B332002E3CB3 /* MotionAnimationView.swift */; };
		ECAC131A2B2A2403005B7BEF /* Stickers.xcassets in Resources */ = {isa = PBXBuildFile; fileRef = ECAC13192B2A2403005B7BEF /* Stickers.xcassets */; };
		ECAC131E2B2A2403005B7BEF /* Sticker.appex in Embed Foundation Extensions */ = {isa = PBXBuildFile; fileRef = ECAC13172B2A2400005B7BEF /* Sticker.appex */; settings = {ATTRIBUTES = (RemoveHeadersOnCopy, ); }; };
		ECAC13242B2A2612005B7BEF /* CreditsView.swift in Sources */ = {isa = PBXBuildFile; fileRef = ECAC13232B2A2612005B7BEF /* CreditsView.swift */; };
		ECAC13282B2A294E005B7BEF /* CenterModifier.swift in Sources */ = {isa = PBXBuildFile; fileRef = ECAC13272B2A294E005B7BEF /* CenterModifier.swift */; };
		ECE20D6C2B2483B8002F64A2 /* AnimalListItemView.swift in Sources */ = {isa = PBXBuildFile; fileRef = ECE20D6B2B2483B8002F64A2 /* AnimalListItemView.swift */; };
		ECE20D6E2B248518002F64A2 /* AnimalModel.swift in Sources */ = {isa = PBXBuildFile; fileRef = ECE20D6D2B248518002F64A2 /* AnimalModel.swift */; };
		ECE20D702B248AC3002F64A2 /* AnimalDetailView.swift in Sources */ = {isa = PBXBuildFile; fileRef = ECE20D6F2B248AC3002F64A2 /* AnimalDetailView.swift */; };
		ECE20D722B248CE5002F64A2 /* HeadingView.swift in Sources */ = {isa = PBXBuildFile; fileRef = ECE20D712B248CE5002F64A2 /* HeadingView.swift */; };
		ECE20D742B248DC9002F64A2 /* InsetGalleryView.swift in Sources */ = {isa = PBXBuildFile; fileRef = ECE20D732B248DC9002F64A2 /* InsetGalleryView.swift */; };
		ECE20D762B248FEF002F64A2 /* InsetFactView.swift in Sources */ = {isa = PBXBuildFile; fileRef = ECE20D752B248FEF002F64A2 /* InsetFactView.swift */; };
		ECE20D782B24929A002F64A2 /* InsetMapView.swift in Sources */ = {isa = PBXBuildFile; fileRef = ECE20D772B24929A002F64A2 /* InsetMapView.swift */; };
		ECE20D7A2B2494AF002F64A2 /* ExternalWeblinkView.swift in Sources */ = {isa = PBXBuildFile; fileRef = ECE20D792B2494AF002F64A2 /* ExternalWeblinkView.swift */; };
/* End PBXBuildFile section */

/* Begin PBXContainerItemProxy section */
		ECAC131C2B2A2403005B7BEF /* PBXContainerItemProxy */ = {
			isa = PBXContainerItemProxy;
			containerPortal = EC26801A2B1DFAE300538991 /* Project object */;
			proxyType = 1;
			remoteGlobalIDString = ECAC13162B2A2400005B7BEF;
			remoteInfo = Sticker;
		};
/* End PBXContainerItemProxy section */

/* Begin PBXCopyFilesBuildPhase section */
		ECAC131F2B2A2403005B7BEF /* Embed Foundation Extensions */ = {
			isa = PBXCopyFilesBuildPhase;
			buildActionMask = 2147483647;
			dstPath = "";
			dstSubfolderSpec = 13;
			files = (
				ECAC131E2B2A2403005B7BEF /* Sticker.appex in Embed Foundation Extensions */,
			);
			name = "Embed Foundation Extensions";
			runOnlyForDeploymentPostprocessing = 0;
		};
/* End PBXCopyFilesBuildPhase section */

/* Begin PBXFileReference section */
		EC2680222B1DFAE300538991 /* AFRICA.app */ = {isa = PBXFileReference; explicitFileType = wrapper.application; includeInIndex = 0; path = AFRICA.app; sourceTree = BUILT_PRODUCTS_DIR; };
		EC2680252B1DFAE300538991 /* AFRICAApp.swift */ = {isa = PBXFileReference; lastKnownFileType = sourcecode.swift; path = AFRICAApp.swift; sourceTree = "<group>"; };
		EC2680272B1DFAE300538991 /* ContentView.swift */ = {isa = PBXFileReference; lastKnownFileType = sourcecode.swift; path = ContentView.swift; sourceTree = "<group>"; };
		EC2680292B1DFAE500538991 /* Assets.xcassets */ = {isa = PBXFileReference; lastKnownFileType = folder.assetcatalog; path = Assets.xcassets; sourceTree = "<group>"; };
		EC26802C2B1DFAE500538991 /* Preview Assets.xcassets */ = {isa = PBXFileReference; lastKnownFileType = folder.assetcatalog; path = "Preview Assets.xcassets"; sourceTree = "<group>"; };
		EC2680342B1DFCE900538991 /* rhino.mp4 */ = {isa = PBXFileReference; lastKnownFileType = file; path = rhino.mp4; sourceTree = "<group>"; };
		EC2680352B1DFCE900538991 /* zebra.mp4 */ = {isa = PBXFileReference; lastKnownFileType = file; path = zebra.mp4; sourceTree = "<group>"; };
		EC2680362B1DFCE900538991 /* ostrich.mp4 */ = {isa = PBXFileReference; lastKnownFileType = file; path = ostrich.mp4; sourceTree = "<group>"; };
		EC2680372B1DFCE900538991 /* gorilla.mp4 */ = {isa = PBXFileReference; lastKnownFileType = file; path = gorilla.mp4; sourceTree = "<group>"; };
		EC2680382B1DFCE900538991 /* hippo.mp4 */ = {isa = PBXFileReference; lastKnownFileType = file; path = hippo.mp4; sourceTree = "<group>"; };
		EC2680392B1DFCE900538991 /* cheetah.mp4 */ = {isa = PBXFileReference; lastKnownFileType = file; path = cheetah.mp4; sourceTree = "<group>"; };
		EC26803A2B1DFCE900538991 /* lioness.mp4 */ = {isa = PBXFileReference; lastKnownFileType = file; path = lioness.mp4; sourceTree = "<group>"; };
		EC26803B2B1DFCE900538991 /* giraffe.mp4 */ = {isa = PBXFileReference; lastKnownFileType = file; path = giraffe.mp4; sourceTree = "<group>"; };
		EC26803C2B1DFCE900538991 /* lion.mp4 */ = {isa = PBXFileReference; lastKnownFileType = file; path = lion.mp4; sourceTree = "<group>"; };
		EC26803D2B1DFCE900538991 /* elephant.mp4 */ = {isa = PBXFileReference; lastKnownFileType = file; path = elephant.mp4; sourceTree = "<group>"; };
		EC2680492B1DFD1600538991 /* covers.json */ = {isa = PBXFileReference; fileEncoding = 4; lastKnownFileType = text.json; path = covers.json; sourceTree = "<group>"; };
		EC26804A2B1DFD1700538991 /* animals.json */ = {isa = PBXFileReference; fileEncoding = 4; lastKnownFileType = text.json; path = animals.json; sourceTree = "<group>"; };
		EC26804B2B1DFD1700538991 /* videos.json */ = {isa = PBXFileReference; fileEncoding = 4; lastKnownFileType = text.json; path = videos.json; sourceTree = "<group>"; };
		EC26804C2B1DFD1700538991 /* locations.json */ = {isa = PBXFileReference; fileEncoding = 4; lastKnownFileType = text.json; path = locations.json; sourceTree = "<group>"; };
		EC2680512B1DFDF200538991 /* Info.plist */ = {isa = PBXFileReference; lastKnownFileType = text.plist; path = Info.plist; sourceTree = "<group>"; };
		EC2680552B1DFF4200538991 /* VideoListView.swift */ = {isa = PBXFileReference; lastKnownFileType = sourcecode.swift; path = VideoListView.swift; sourceTree = "<group>"; };
		EC2680572B1DFF5A00538991 /* MapView.swift */ = {isa = PBXFileReference; lastKnownFileType = sourcecode.swift; path = MapView.swift; sourceTree = "<group>"; };
		EC2680592B1DFF6B00538991 /* GalleryView.swift */ = {isa = PBXFileReference; lastKnownFileType = sourcecode.swift; path = GalleryView.swift; sourceTree = "<group>"; };
		EC26805B2B1DFF7F00538991 /* MainView.swift */ = {isa = PBXFileReference; lastKnownFileType = sourcecode.swift; path = MainView.swift; sourceTree = "<group>"; };
		EC4665822B1F3ACE0077087F /* CoverImageView.swift */ = {isa = PBXFileReference; lastKnownFileType = sourcecode.swift; path = CoverImageView.swift; sourceTree = "<group>"; };
		EC4665852B1F3CA90077087F /* CoverImageModel.swift */ = {isa = PBXFileReference; lastKnownFileType = sourcecode.swift; path = CoverImageModel.swift; sourceTree = "<group>"; };
		EC4665882B1F3E030077087F /* CodableBundleExtension.swift */ = {isa = PBXFileReference; lastKnownFileType = sourcecode.swift; path = CodableBundleExtension.swift; sourceTree = "<group>"; };
		EC538C162B2A179700326989 /* AnimalGridItemView.swift */ = {isa = PBXFileReference; lastKnownFileType = sourcecode.swift; path = AnimalGridItemView.swift; sourceTree = "<group>"; };
		EC8D399C2B288851004C8F8E /* VideoModel.swift */ = {isa = PBXFileReference; lastKnownFileType = sourcecode.swift; path = VideoModel.swift; sourceTree = "<group>"; };
		EC8D399E2B28888C004C8F8E /* VideoListItemView.swift */ = {isa = PBXFileReference; lastKnownFileType = sourcecode.swift; path = VideoListItemView.swift; sourceTree = "<group>"; };
		EC8D39A02B28901C004C8F8E /* VideoPlayerView.swift */ = {isa = PBXFileReference; lastKnownFileType = sourcecode.swift; path = VideoPlayerView.swift; sourceTree = "<group>"; };
		EC8D39A32B289109004C8F8E /* VideoPlayerHelper.swift */ = {isa = PBXFileReference; lastKnownFileType = sourcecode.swift; path = VideoPlayerHelper.swift; sourceTree = "<group>"; };
		ECA335382B29A594002E3CB3 /* LocationModel.swift */ = {isa = PBXFileReference; lastKnownFileType = sourcecode.swift; path = LocationModel.swift; sourceTree = "<group>"; };
		ECA3353A2B29A9EF002E3CB3 /* MapAnnotationView.swift */ = {isa = PBXFileReference; lastKnownFileType = sourcecode.swift; path = MapAnnotationView.swift; sourceTree = "<group>"; };
		ECA3353C2B29B332002E3CB3 /* MotionAnimationView.swift */ = {isa = PBXFileReference; lastKnownFileType = sourcecode.swift; path = MotionAnimationView.swift; sourceTree = "<group>"; };
		ECAC13172B2A2400005B7BEF /* Sticker.appex */ = {isa = PBXFileReference; explicitFileType = "wrapper.app-extension"; includeInIndex = 0; path = Sticker.appex; sourceTree = BUILT_PRODUCTS_DIR; };
		ECAC13192B2A2403005B7BEF /* Stickers.xcassets */ = {isa = PBXFileReference; lastKnownFileType = folder.assetcatalog; path = Stickers.xcassets; sourceTree = "<group>"; };
		ECAC131B2B2A2403005B7BEF /* Info.plist */ = {isa = PBXFileReference; lastKnownFileType = text.plist.xml; path = Info.plist; sourceTree = "<group>"; };
		ECAC13232B2A2612005B7BEF /* CreditsView.swift */ = {isa = PBXFileReference; lastKnownFileType = sourcecode.swift; path = CreditsView.swift; sourceTree = "<group>"; };
		ECAC13272B2A294E005B7BEF /* CenterModifier.swift */ = {isa = PBXFileReference; lastKnownFileType = sourcecode.swift; path = CenterModifier.swift; sourceTree = "<group>"; };
		ECE20D6B2B2483B8002F64A2 /* AnimalListItemView.swift */ = {isa = PBXFileReference; lastKnownFileType = sourcecode.swift; path = AnimalListItemView.swift; sourceTree = "<group>"; };
		ECE20D6D2B248518002F64A2 /* AnimalModel.swift */ = {isa = PBXFileReference; lastKnownFileType = sourcecode.swift; path = AnimalModel.swift; sourceTree = "<group>"; };
		ECE20D6F2B248AC3002F64A2 /* AnimalDetailView.swift */ = {isa = PBXFileReference; lastKnownFileType = sourcecode.swift; path = AnimalDetailView.swift; sourceTree = "<group>"; };
		ECE20D712B248CE5002F64A2 /* HeadingView.swift */ = {isa = PBXFileReference; lastKnownFileType = sourcecode.swift; path = HeadingView.swift; sourceTree = "<group>"; };
		ECE20D732B248DC9002F64A2 /* InsetGalleryView.swift */ = {isa = PBXFileReference; lastKnownFileType = sourcecode.swift; path = InsetGalleryView.swift; sourceTree = "<group>"; };
		ECE20D752B248FEF002F64A2 /* InsetFactView.swift */ = {isa = PBXFileReference; lastKnownFileType = sourcecode.swift; path = InsetFactView.swift; sourceTree = "<group>"; };
		ECE20D772B24929A002F64A2 /* InsetMapView.swift */ = {isa = PBXFileReference; lastKnownFileType = sourcecode.swift; path = InsetMapView.swift; sourceTree = "<group>"; };
		ECE20D792B2494AF002F64A2 /* ExternalWeblinkView.swift */ = {isa = PBXFileReference; lastKnownFileType = sourcecode.swift; path = ExternalWeblinkView.swift; sourceTree = "<group>"; };
/* End PBXFileReference section */

/* Begin PBXFrameworksBuildPhase section */
		EC26801F2B1DFAE300538991 /* Frameworks */ = {
			isa = PBXFrameworksBuildPhase;
			buildActionMask = 2147483647;
			files = (
			);
			runOnlyForDeploymentPostprocessing = 0;
		};
/* End PBXFrameworksBuildPhase section */

/* Begin PBXGroup section */
		EC2680192B1DFAE300538991 = {
			isa = PBXGroup;
			children = (
				EC2680242B1DFAE300538991 /* AFRICA */,
				ECAC13182B2A2401005B7BEF /* Sticker */,
				EC2680232B1DFAE300538991 /* Products */,
			);
			sourceTree = "<group>";
		};
		EC2680232B1DFAE300538991 /* Products */ = {
			isa = PBXGroup;
			children = (
				EC2680222B1DFAE300538991 /* AFRICA.app */,
				ECAC13172B2A2400005B7BEF /* Sticker.appex */,
			);
			name = Products;
			sourceTree = "<group>";
		};
		EC2680242B1DFAE300538991 /* AFRICA */ = {
			isa = PBXGroup;
			children = (
				ECAC13262B2A291B005B7BEF /* Modifier */,
				EC8D39A22B2890F7004C8F8E /* Helper */,
				EC4665872B1F3DF30077087F /* Extension */,
				EC4665842B1F3C970077087F /* Model */,
				EC4665812B1F3ABE0077087F /* View */,
				EC2680512B1DFDF200538991 /* Info.plist */,
				EC2680482B1DFD0700538991 /* Data */,
				EC2680332B1DFCCA00538991 /* Video */,
				EC2680522B1DFE9300538991 /* App */,
				EC2680292B1DFAE500538991 /* Assets.xcassets */,
				EC26802B2B1DFAE500538991 /* Preview Content */,
			);
			path = AFRICA;
			sourceTree = "<group>";
		};
		EC26802B2B1DFAE500538991 /* Preview Content */ = {
			isa = PBXGroup;
			children = (
				EC26802C2B1DFAE500538991 /* Preview Assets.xcassets */,
			);
			path = "Preview Content";
			sourceTree = "<group>";
		};
		EC2680332B1DFCCA00538991 /* Video */ = {
			isa = PBXGroup;
			children = (
				EC2680392B1DFCE900538991 /* cheetah.mp4 */,
				EC26803D2B1DFCE900538991 /* elephant.mp4 */,
				EC26803B2B1DFCE900538991 /* giraffe.mp4 */,
				EC2680372B1DFCE900538991 /* gorilla.mp4 */,
				EC2680382B1DFCE900538991 /* hippo.mp4 */,
				EC26803C2B1DFCE900538991 /* lion.mp4 */,
				EC26803A2B1DFCE900538991 /* lioness.mp4 */,
				EC2680362B1DFCE900538991 /* ostrich.mp4 */,
				EC2680342B1DFCE900538991 /* rhino.mp4 */,
				EC2680352B1DFCE900538991 /* zebra.mp4 */,
			);
			path = Video;
			sourceTree = "<group>";
		};
		EC2680482B1DFD0700538991 /* Data */ = {
			isa = PBXGroup;
			children = (
				EC26804A2B1DFD1700538991 /* animals.json */,
				EC2680492B1DFD1600538991 /* covers.json */,
				EC26804C2B1DFD1700538991 /* locations.json */,
				EC26804B2B1DFD1700538991 /* videos.json */,
			);
			path = Data;
			sourceTree = "<group>";
		};
		EC2680522B1DFE9300538991 /* App */ = {
			isa = PBXGroup;
			children = (
				EC2680252B1DFAE300538991 /* AFRICAApp.swift */,
				EC2680272B1DFAE300538991 /* ContentView.swift */,
				EC2680552B1DFF4200538991 /* VideoListView.swift */,
				EC2680572B1DFF5A00538991 /* MapView.swift */,
				EC2680592B1DFF6B00538991 /* GalleryView.swift */,
				EC26805B2B1DFF7F00538991 /* MainView.swift */,
			);
			path = App;
			sourceTree = "<group>";
		};
		EC4665812B1F3ABE0077087F /* View */ = {
			isa = PBXGroup;
			children = (
				EC4665822B1F3ACE0077087F /* CoverImageView.swift */,
				ECE20D6B2B2483B8002F64A2 /* AnimalListItemView.swift */,
				ECE20D6F2B248AC3002F64A2 /* AnimalDetailView.swift */,
				ECE20D712B248CE5002F64A2 /* HeadingView.swift */,
				ECE20D732B248DC9002F64A2 /* InsetGalleryView.swift */,
				ECE20D752B248FEF002F64A2 /* InsetFactView.swift */,
				ECE20D772B24929A002F64A2 /* InsetMapView.swift */,
				ECE20D792B2494AF002F64A2 /* ExternalWeblinkView.swift */,
				EC8D399E2B28888C004C8F8E /* VideoListItemView.swift */,
				EC8D39A02B28901C004C8F8E /* VideoPlayerView.swift */,
				ECA3353A2B29A9EF002E3CB3 /* MapAnnotationView.swift */,
				ECA3353C2B29B332002E3CB3 /* MotionAnimationView.swift */,
				EC538C162B2A179700326989 /* AnimalGridItemView.swift */,
				ECAC13232B2A2612005B7BEF /* CreditsView.swift */,
			);
			path = View;
			sourceTree = "<group>";
		};
		EC4665842B1F3C970077087F /* Model */ = {
			isa = PBXGroup;
			children = (
				EC4665852B1F3CA90077087F /* CoverImageModel.swift */,
				ECE20D6D2B248518002F64A2 /* AnimalModel.swift */,
				EC8D399C2B288851004C8F8E /* VideoModel.swift */,
				ECA335382B29A594002E3CB3 /* LocationModel.swift */,
			);
			path = Model;
			sourceTree = "<group>";
		};
		EC4665872B1F3DF30077087F /* Extension */ = {
			isa = PBXGroup;
			children = (
				EC4665882B1F3E030077087F /* CodableBundleExtension.swift */,
			);
			path = Extension;
			sourceTree = "<group>";
		};
		EC8D39A22B2890F7004C8F8E /* Helper */ = {
			isa = PBXGroup;
			children = (
				EC8D39A32B289109004C8F8E /* VideoPlayerHelper.swift */,
			);
			path = Helper;
			sourceTree = "<group>";
		};
		ECAC13182B2A2401005B7BEF /* Sticker */ = {
			isa = PBXGroup;
			children = (
				ECAC13192B2A2403005B7BEF /* Stickers.xcassets */,
				ECAC131B2B2A2403005B7BEF /* Info.plist */,
			);
			path = Sticker;
			sourceTree = "<group>";
		};
		ECAC13262B2A291B005B7BEF /* Modifier */ = {
			isa = PBXGroup;
			children = (
				ECAC13272B2A294E005B7BEF /* CenterModifier.swift */,
			);
			path = Modifier;
			sourceTree = "<group>";
		};
/* End PBXGroup section */

/* Begin PBXNativeTarget section */
		EC2680212B1DFAE300538991 /* AFRICA */ = {
			isa = PBXNativeTarget;
			buildConfigurationList = EC2680302B1DFAE500538991 /* Build configuration list for PBXNativeTarget "AFRICA" */;
			buildPhases = (
				EC26801E2B1DFAE300538991 /* Sources */,
				EC26801F2B1DFAE300538991 /* Frameworks */,
				EC2680202B1DFAE300538991 /* Resources */,
				ECAC131F2B2A2403005B7BEF /* Embed Foundation Extensions */,
			);
			buildRules = (
			);
			dependencies = (
				ECAC131D2B2A2403005B7BEF /* PBXTargetDependency */,
			);
			name = AFRICA;
			productName = AFRICA;
			productReference = EC2680222B1DFAE300538991 /* AFRICA.app */;
			productType = "com.apple.product-type.application";
		};
		ECAC13162B2A2400005B7BEF /* Sticker */ = {
			isa = PBXNativeTarget;
			buildConfigurationList = ECAC13222B2A2403005B7BEF /* Build configuration list for PBXNativeTarget "Sticker" */;
			buildPhases = (
				ECAC13152B2A2400005B7BEF /* Resources */,
			);
			buildRules = (
			);
			dependencies = (
			);
			name = Sticker;
			productName = Sticker;
			productReference = ECAC13172B2A2400005B7BEF /* Sticker.appex */;
			productType = "com.apple.product-type.app-extension.messages-sticker-pack";
		};
/* End PBXNativeTarget section */

/* Begin PBXProject section */
		EC26801A2B1DFAE300538991 /* Project object */ = {
			isa = PBXProject;
			attributes = {
				BuildIndependentTargetsInParallel = 1;
				LastSwiftUpdateCheck = 1500;
				LastUpgradeCheck = 1500;
				TargetAttributes = {
					EC2680212B1DFAE300538991 = {
						CreatedOnToolsVersion = 15.0.1;
					};
					ECAC13162B2A2400005B7BEF = {
						CreatedOnToolsVersion = 15.0.1;
					};
				};
			};
			buildConfigurationList = EC26801D2B1DFAE300538991 /* Build configuration list for PBXProject "AFRICA" */;
			compatibilityVersion = "Xcode 14.0";
			developmentRegion = en;
			hasScannedForEncodings = 0;
			knownRegions = (
				en,
				Base,
			);
			mainGroup = EC2680192B1DFAE300538991;
			productRefGroup = EC2680232B1DFAE300538991 /* Products */;
			projectDirPath = "";
			projectRoot = "";
			targets = (
				EC2680212B1DFAE300538991 /* AFRICA */,
				ECAC13162B2A2400005B7BEF /* Sticker */,
			);
		};
/* End PBXProject section */

/* Begin PBXResourcesBuildPhase section */
		EC2680202B1DFAE300538991 /* Resources */ = {
			isa = PBXResourcesBuildPhase;
			buildActionMask = 2147483647;
			files = (
				EC26804D2B1DFD1700538991 /* covers.json in Resources */,
				EC26803F2B1DFCEA00538991 /* zebra.mp4 in Resources */,
				EC2680502B1DFD1700538991 /* locations.json in Resources */,
				EC26804F2B1DFD1700538991 /* videos.json in Resources */,
				EC26803E2B1DFCEA00538991 /* rhino.mp4 in Resources */,
				EC2680442B1DFCEA00538991 /* lioness.mp4 in Resources */,
				EC2680422B1DFCEA00538991 /* hippo.mp4 in Resources */,
				EC2680452B1DFCEA00538991 /* giraffe.mp4 in Resources */,
				EC26802D2B1DFAE500538991 /* Preview Assets.xcassets in Resources */,
				EC26804E2B1DFD1700538991 /* animals.json in Resources */,
				EC2680432B1DFCEA00538991 /* cheetah.mp4 in Resources */,
				EC2680402B1DFCEA00538991 /* ostrich.mp4 in Resources */,
				EC2680472B1DFCEA00538991 /* elephant.mp4 in Resources */,
				EC2680462B1DFCEA00538991 /* lion.mp4 in Resources */,
				EC2680412B1DFCEA00538991 /* gorilla.mp4 in Resources */,
				EC26802A2B1DFAE500538991 /* Assets.xcassets in Resources */,
			);
			runOnlyForDeploymentPostprocessing = 0;
		};
		ECAC13152B2A2400005B7BEF /* Resources */ = {
			isa = PBXResourcesBuildPhase;
			buildActionMask = 2147483647;
			files = (
				ECAC131A2B2A2403005B7BEF /* Stickers.xcassets in Resources */,
			);
			runOnlyForDeploymentPostprocessing = 0;
		};
/* End PBXResourcesBuildPhase section */

/* Begin PBXSourcesBuildPhase section */
		EC26801E2B1DFAE300538991 /* Sources */ = {
			isa = PBXSourcesBuildPhase;
			buildActionMask = 2147483647;
			files = (
				ECE20D7A2B2494AF002F64A2 /* ExternalWeblinkView.swift in Sources */,
				EC2680282B1DFAE300538991 /* ContentView.swift in Sources */,
				ECE20D6C2B2483B8002F64A2 /* AnimalListItemView.swift in Sources */,
				EC26805C2B1DFF7F00538991 /* MainView.swift in Sources */,
				ECE20D762B248FEF002F64A2 /* InsetFactView.swift in Sources */,
				EC4665832B1F3ACE0077087F /* CoverImageView.swift in Sources */,
				EC4665862B1F3CA90077087F /* CoverImageModel.swift in Sources */,
				ECE20D702B248AC3002F64A2 /* AnimalDetailView.swift in Sources */,
				ECE20D6E2B248518002F64A2 /* AnimalModel.swift in Sources */,
				EC2680582B1DFF5A00538991 /* MapView.swift in Sources */,
				EC8D39A42B289109004C8F8E /* VideoPlayerHelper.swift in Sources */,
				ECE20D782B24929A002F64A2 /* InsetMapView.swift in Sources */,
				EC2680262B1DFAE300538991 /* AFRICAApp.swift in Sources */,
				ECA3353B2B29A9EF002E3CB3 /* MapAnnotationView.swift in Sources */,
				EC2680562B1DFF4200538991 /* VideoListView.swift in Sources */,
				EC8D399D2B288851004C8F8E /* VideoModel.swift in Sources */,
				EC26805A2B1DFF6B00538991 /* GalleryView.swift in Sources */,
				ECA335392B29A594002E3CB3 /* LocationModel.swift in Sources */,
				EC538C172B2A179700326989 /* AnimalGridItemView.swift in Sources */,
				ECE20D742B248DC9002F64A2 /* InsetGalleryView.swift in Sources */,
				EC8D399F2B28888C004C8F8E /* VideoListItemView.swift in Sources */,
				ECAC13242B2A2612005B7BEF /* CreditsView.swift in Sources */,
				EC4665892B1F3E030077087F /* CodableBundleExtension.swift in Sources */,
				ECA3353D2B29B332002E3CB3 /* MotionAnimationView.swift in Sources */,
				ECAC13282B2A294E005B7BEF /* CenterModifier.swift in Sources */,
				ECE20D722B248CE5002F64A2 /* HeadingView.swift in Sources */,
				EC8D39A12B28901C004C8F8E /* VideoPlayerView.swift in Sources */,
			);
			runOnlyForDeploymentPostprocessing = 0;
		};
/* End PBXSourcesBuildPhase section */

/* Begin PBXTargetDependency section */
		ECAC131D2B2A2403005B7BEF /* PBXTargetDependency */ = {
			isa = PBXTargetDependency;
			target = ECAC13162B2A2400005B7BEF /* Sticker */;
			targetProxy = ECAC131C2B2A2403005B7BEF /* PBXContainerItemProxy */;
		};
/* End PBXTargetDependency section */

/* Begin XCBuildConfiguration section */
		EC26802E2B1DFAE500538991 /* Debug */ = {
			isa = XCBuildConfiguration;
			buildSettings = {
				ALWAYS_SEARCH_USER_PATHS = NO;
				ASSETCATALOG_COMPILER_GENERATE_SWIFT_ASSET_SYMBOL_EXTENSIONS = YES;
				CLANG_ANALYZER_NONNULL = YES;
				CLANG_ANALYZER_NUMBER_OBJECT_CONVERSION = YES_AGGRESSIVE;
				CLANG_CXX_LANGUAGE_STANDARD = "gnu++20";
				CLANG_ENABLE_MODULES = YES;
				CLANG_ENABLE_OBJC_ARC = YES;
				CLANG_ENABLE_OBJC_WEAK = YES;
				CLANG_WARN_BLOCK_CAPTURE_AUTORELEASING = YES;
				CLANG_WARN_BOOL_CONVERSION = YES;
				CLANG_WARN_COMMA = YES;
				CLANG_WARN_CONSTANT_CONVERSION = YES;
				CLANG_WARN_DEPRECATED_OBJC_IMPLEMENTATIONS = YES;
				CLANG_WARN_DIRECT_OBJC_ISA_USAGE = YES_ERROR;
				CLANG_WARN_DOCUMENTATION_COMMENTS = YES;
				CLANG_WARN_EMPTY_BODY = YES;
				CLANG_WARN_ENUM_CONVERSION = YES;
				CLANG_WARN_INFINITE_RECURSION = YES;
				CLANG_WARN_INT_CONVERSION = YES;
				CLANG_WARN_NON_LITERAL_NULL_CONVERSION = YES;
				CLANG_WARN_OBJC_IMPLICIT_RETAIN_SELF = YES;
				CLANG_WARN_OBJC_LITERAL_CONVERSION = YES;
				CLANG_WARN_OBJC_ROOT_CLASS = YES_ERROR;
				CLANG_WARN_QUOTED_INCLUDE_IN_FRAMEWORK_HEADER = YES;
				CLANG_WARN_RANGE_LOOP_ANALYSIS = YES;
				CLANG_WARN_STRICT_PROTOTYPES = YES;
				CLANG_WARN_SUSPICIOUS_MOVE = YES;
				CLANG_WARN_UNGUARDED_AVAILABILITY = YES_AGGRESSIVE;
				CLANG_WARN_UNREACHABLE_CODE = YES;
				CLANG_WARN__DUPLICATE_METHOD_MATCH = YES;
				COPY_PHASE_STRIP = NO;
				DEBUG_INFORMATION_FORMAT = dwarf;
				ENABLE_STRICT_OBJC_MSGSEND = YES;
				ENABLE_TESTABILITY = YES;
				ENABLE_USER_SCRIPT_SANDBOXING = YES;
				GCC_C_LANGUAGE_STANDARD = gnu17;
				GCC_DYNAMIC_NO_PIC = NO;
				GCC_NO_COMMON_BLOCKS = YES;
				GCC_OPTIMIZATION_LEVEL = 0;
				GCC_PREPROCESSOR_DEFINITIONS = (
					"DEBUG=1",
					"$(inherited)",
				);
				GCC_WARN_64_TO_32_BIT_CONVERSION = YES;
				GCC_WARN_ABOUT_RETURN_TYPE = YES_ERROR;
				GCC_WARN_UNDECLARED_SELECTOR = YES;
				GCC_WARN_UNINITIALIZED_AUTOS = YES_AGGRESSIVE;
				GCC_WARN_UNUSED_FUNCTION = YES;
				GCC_WARN_UNUSED_VARIABLE = YES;
				IPHONEOS_DEPLOYMENT_TARGET = 17.0;
				LOCALIZATION_PREFERS_STRING_CATALOGS = YES;
				MTL_ENABLE_DEBUG_INFO = INCLUDE_SOURCE;
				MTL_FAST_MATH = YES;
				ONLY_ACTIVE_ARCH = YES;
				SDKROOT = iphoneos;
				SWIFT_ACTIVE_COMPILATION_CONDITIONS = "DEBUG $(inherited)";
				SWIFT_OPTIMIZATION_LEVEL = "-Onone";
			};
			name = Debug;
		};
		EC26802F2B1DFAE500538991 /* Release */ = {
			isa = XCBuildConfiguration;
			buildSettings = {
				ALWAYS_SEARCH_USER_PATHS = NO;
				ASSETCATALOG_COMPILER_GENERATE_SWIFT_ASSET_SYMBOL_EXTENSIONS = YES;
				CLANG_ANALYZER_NONNULL = YES;
				CLANG_ANALYZER_NUMBER_OBJECT_CONVERSION = YES_AGGRESSIVE;
				CLANG_CXX_LANGUAGE_STANDARD = "gnu++20";
				CLANG_ENABLE_MODULES = YES;
				CLANG_ENABLE_OBJC_ARC = YES;
				CLANG_ENABLE_OBJC_WEAK = YES;
				CLANG_WARN_BLOCK_CAPTURE_AUTORELEASING = YES;
				CLANG_WARN_BOOL_CONVERSION = YES;
				CLANG_WARN_COMMA = YES;
				CLANG_WARN_CONSTANT_CONVERSION = YES;
				CLANG_WARN_DEPRECATED_OBJC_IMPLEMENTATIONS = YES;
				CLANG_WARN_DIRECT_OBJC_ISA_USAGE = YES_ERROR;
				CLANG_WARN_DOCUMENTATION_COMMENTS = YES;
				CLANG_WARN_EMPTY_BODY = YES;
				CLANG_WARN_ENUM_CONVERSION = YES;
				CLANG_WARN_INFINITE_RECURSION = YES;
				CLANG_WARN_INT_CONVERSION = YES;
				CLANG_WARN_NON_LITERAL_NULL_CONVERSION = YES;
				CLANG_WARN_OBJC_IMPLICIT_RETAIN_SELF = YES;
				CLANG_WARN_OBJC_LITERAL_CONVERSION = YES;
				CLANG_WARN_OBJC_ROOT_CLASS = YES_ERROR;
				CLANG_WARN_QUOTED_INCLUDE_IN_FRAMEWORK_HEADER = YES;
				CLANG_WARN_RANGE_LOOP_ANALYSIS = YES;
				CLANG_WARN_STRICT_PROTOTYPES = YES;
				CLANG_WARN_SUSPICIOUS_MOVE = YES;
				CLANG_WARN_UNGUARDED_AVAILABILITY = YES_AGGRESSIVE;
				CLANG_WARN_UNREACHABLE_CODE = YES;
				CLANG_WARN__DUPLICATE_METHOD_MATCH = YES;
				COPY_PHASE_STRIP = NO;
				DEBUG_INFORMATION_FORMAT = "dwarf-with-dsym";
				ENABLE_NS_ASSERTIONS = NO;
				ENABLE_STRICT_OBJC_MSGSEND = YES;
				ENABLE_USER_SCRIPT_SANDBOXING = YES;
				GCC_C_LANGUAGE_STANDARD = gnu17;
				GCC_NO_COMMON_BLOCKS = YES;
				GCC_WARN_64_TO_32_BIT_CONVERSION = YES;
				GCC_WARN_ABOUT_RETURN_TYPE = YES_ERROR;
				GCC_WARN_UNDECLARED_SELECTOR = YES;
				GCC_WARN_UNINITIALIZED_AUTOS = YES_AGGRESSIVE;
				GCC_WARN_UNUSED_FUNCTION = YES;
				GCC_WARN_UNUSED_VARIABLE = YES;
				IPHONEOS_DEPLOYMENT_TARGET = 17.0;
				LOCALIZATION_PREFERS_STRING_CATALOGS = YES;
				MTL_ENABLE_DEBUG_INFO = NO;
				MTL_FAST_MATH = YES;
				SDKROOT = iphoneos;
				SWIFT_COMPILATION_MODE = wholemodule;
				VALIDATE_PRODUCT = YES;
			};
			name = Release;
		};
		EC2680312B1DFAE500538991 /* Debug */ = {
			isa = XCBuildConfiguration;
			buildSettings = {
				ASSETCATALOG_COMPILER_APPICON_NAME = AppIcon;
				ASSETCATALOG_COMPILER_GLOBAL_ACCENT_COLOR_NAME = AccentColor;
				CODE_SIGN_STYLE = Automatic;
				CURRENT_PROJECT_VERSION = 1;
				DEVELOPMENT_ASSET_PATHS = "\"AFRICA/Preview Content\"";
				DEVELOPMENT_TEAM = 3AM4MG55AH;
				ENABLE_PREVIEWS = YES;
				GENERATE_INFOPLIST_FILE = YES;
				INFOPLIST_FILE = AFRICA/Info.plist;
				INFOPLIST_KEY_UIApplicationSceneManifest_Generation = YES;
				INFOPLIST_KEY_UIApplicationSupportsIndirectInputEvents = YES;
				INFOPLIST_KEY_UISupportedInterfaceOrientations_iPad = "UIInterfaceOrientationPortrait UIInterfaceOrientationPortraitUpsideDown UIInterfaceOrientationLandscapeLeft UIInterfaceOrientationLandscapeRight";
				INFOPLIST_KEY_UISupportedInterfaceOrientations_iPhone = "UIInterfaceOrientationPortrait UIInterfaceOrientationLandscapeLeft UIInterfaceOrientationLandscapeRight";
				INFOPLIST_KEY_UIUserInterfaceStyle = Dark;
				LD_RUNPATH_SEARCH_PATHS = (
					"$(inherited)",
					"@executable_path/Frameworks",
				);
				MARKETING_VERSION = 1.0;
				PRODUCT_BUNDLE_IDENTIFIER = ekansh.AFRICA;
				PRODUCT_NAME = "$(TARGET_NAME)";
				SUPPORTED_PLATFORMS = "iphoneos iphonesimulator macosx";
				SUPPORTS_MACCATALYST = NO;
				SUPPORTS_MAC_DESIGNED_FOR_IPHONE_IPAD = NO;
				SWIFT_EMIT_LOC_STRINGS = YES;
				SWIFT_VERSION = 5.0;
				TARGETED_DEVICE_FAMILY = "1,2";
			};
			name = Debug;
		};
		EC2680322B1DFAE500538991 /* Release */ = {
			isa = XCBuildConfiguration;
			buildSettings = {
				ASSETCATALOG_COMPILER_APPICON_NAME = AppIcon;
				ASSETCATALOG_COMPILER_GLOBAL_ACCENT_COLOR_NAME = AccentColor;
				CODE_SIGN_STYLE = Automatic;
				CURRENT_PROJECT_VERSION = 1;
				DEVELOPMENT_ASSET_PATHS = "\"AFRICA/Preview Content\"";
				DEVELOPMENT_TEAM = 3AM4MG55AH;
				ENABLE_PREVIEWS = YES;
				GENERATE_INFOPLIST_FILE = YES;
				INFOPLIST_FILE = AFRICA/Info.plist;
				INFOPLIST_KEY_UIApplicationSceneManifest_Generation = YES;
				INFOPLIST_KEY_UIApplicationSupportsIndirectInputEvents = YES;
				INFOPLIST_KEY_UISupportedInterfaceOrientations_iPad = "UIInterfaceOrientationPortrait UIInterfaceOrientationPortraitUpsideDown UIInterfaceOrientationLandscapeLeft UIInterfaceOrientationLandscapeRight";
				INFOPLIST_KEY_UISupportedInterfaceOrientations_iPhone = "UIInterfaceOrientationPortrait UIInterfaceOrientationLandscapeLeft UIInterfaceOrientationLandscapeRight";
				INFOPLIST_KEY_UIUserInterfaceStyle = Dark;
				LD_RUNPATH_SEARCH_PATHS = (
					"$(inherited)",
					"@executable_path/Frameworks",
				);
				MARKETING_VERSION = 1.0;
				PRODUCT_BUNDLE_IDENTIFIER = ekansh.AFRICA;
				PRODUCT_NAME = "$(TARGET_NAME)";
				SUPPORTED_PLATFORMS = "iphoneos iphonesimulator macosx";
				SUPPORTS_MACCATALYST = NO;
				SUPPORTS_MAC_DESIGNED_FOR_IPHONE_IPAD = NO;
				SWIFT_EMIT_LOC_STRINGS = YES;
				SWIFT_VERSION = 5.0;
				TARGETED_DEVICE_FAMILY = "1,2";
			};
			name = Release;
		};
		ECAC13202B2A2403005B7BEF /* Debug */ = {
			isa = XCBuildConfiguration;
			buildSettings = {
				ASSETCATALOG_COMPILER_APPICON_NAME = "iMessage App Icon";
				CODE_SIGN_STYLE = Automatic;
				CURRENT_PROJECT_VERSION = 1;
				DEVELOPMENT_TEAM = 3AM4MG55AH;
				GENERATE_INFOPLIST_FILE = YES;
				INFOPLIST_FILE = Sticker/Info.plist;
				INFOPLIST_KEY_NSStickerSharingLevel = OS;
				MARKETING_VERSION = 1.0;
				PRODUCT_BUNDLE_IDENTIFIER = ekansh.AFRICA.Sticker;
				PRODUCT_NAME = "$(TARGET_NAME)";
				SKIP_INSTALL = YES;
				SWIFT_EMIT_LOC_STRINGS = YES;
				TARGETED_DEVICE_FAMILY = "1,2";
			};
			name = Debug;
		};
		ECAC13212B2A2403005B7BEF /* Release */ = {
			isa = XCBuildConfiguration;
			buildSettings = {
				ASSETCATALOG_COMPILER_APPICON_NAME = "iMessage App Icon";
				CODE_SIGN_STYLE = Automatic;
				CURRENT_PROJECT_VERSION = 1;
				DEVELOPMENT_TEAM = 3AM4MG55AH;
				GENERATE_INFOPLIST_FILE = YES;
				INFOPLIST_FILE = Sticker/Info.plist;
				INFOPLIST_KEY_NSStickerSharingLevel = OS;
				MARKETING_VERSION = 1.0;
				PRODUCT_BUNDLE_IDENTIFIER = ekansh.AFRICA.Sticker;
				PRODUCT_NAME = "$(TARGET_NAME)";
				SKIP_INSTALL = YES;
				SWIFT_EMIT_LOC_STRINGS = YES;
				TARGETED_DEVICE_FAMILY = "1,2";
			};
			name = Release;
		};
/* End XCBuildConfiguration section */

/* Begin XCConfigurationList section */
		EC26801D2B1DFAE300538991 /* Build configuration list for PBXProject "AFRICA" */ = {
			isa = XCConfigurationList;
			buildConfigurations = (
				EC26802E2B1DFAE500538991 /* Debug */,
				EC26802F2B1DFAE500538991 /* Release */,
			);
			defaultConfigurationIsVisible = 0;
			defaultConfigurationName = Release;
		};
		EC2680302B1DFAE500538991 /* Build configuration list for PBXNativeTarget "AFRICA" */ = {
			isa = XCConfigurationList;
			buildConfigurations = (
				EC2680312B1DFAE500538991 /* Debug */,
				EC2680322B1DFAE500538991 /* Release */,
			);
			defaultConfigurationIsVisible = 0;
			defaultConfigurationName = Release;
		};
		ECAC13222B2A2403005B7BEF /* Build configuration list for PBXNativeTarget "Sticker" */ = {
			isa = XCConfigurationList;
			buildConfigurations = (
				ECAC13202B2A2403005B7BEF /* Debug */,
				ECAC13212B2A2403005B7BEF /* Release */,
			);
			defaultConfigurationIsVisible = 0;
			defaultConfigurationName = Release;
		};
/* End XCConfigurationList section */
	};
	rootObject = EC26801A2B1DFAE300538991 /* Project object */;
}
